
Microsoft Visual Studio Solution File, Format Version 12.00
# Visual Studio Version 17
VisualStudioVersion = 17.13.35806.99 d17.13
MinimumVisualStudioVersion = 10.0.40219.1
Project("{FAE04EC0-301F-11D3-BF4B-00C04F79EFBC}") = "DLMS_Business", "DLMS_Business\DLMS_Business.csproj", "{AA61A789-6204-4086-9EF2-1BC1E31DF15D}"
EndProject
Global
	GlobalSection(SolutionConfigurationPlatforms) = preSolution
		Debug|Any CPU = Debug|Any CPU
		Release|Any CPU = Release|Any CPU
	EndGlobalSection
	GlobalSection(ProjectConfigurationPlatforms) = postSolution
		{AA61A789-6204-4086-9EF2-1BC1E31DF15D}.Debug|Any CPU.ActiveCfg = Debug|Any CPU
		{AA61A789-6204-4086-9EF2-1BC1E31DF15D}.Debug|Any CPU.Build.0 = Debug|Any CPU
		{AA61A789-6204-4086-9EF2-1BC1E31DF15D}.Release|Any CPU.ActiveCfg = Release|Any CPU
		{AA61A789-6204-4086-9EF2-1BC1E31DF15D}.Release|Any CPU.Build.0 = Release|Any CPU
	EndGlobalSection
	GlobalSection(SolutionProperties) = preSolution
		HideSolutionNode = FALSE
	EndGlobalSection
	GlobalSection(ExtensibilityGlobals) = postSolution
		SolutionGuid = {11FC0846-5307-4D2B-8B49-670AFBDA9B46}
	EndGlobalSection
EndGlobal
